{
  "name": "@redknox/dsh-google-search-plugin",
  "version": "0.1.0",
  "lockfileVersion": 3,
  "requires": true,
  "packages": {
    "": {
      "name": "@redknox/dsh-google-search-plugin",
      "version": "0.1.0",
      "license": "MIT",
      "dependencies": {
        "@deepseek-ai/schemastery": "^3.18.1"
      },
      "devDependencies": {
        "@deepseek-ai/cordis": "^4.0.1",
        "@deepseek-ai/dsh-atomic-write": "0.1.0-rc.8",
        "@deepseek-ai/dsh-brand": "0.1.0-rc.8",
        "@deepseek-ai/dsh-credentials": "0.1.0-rc.8",
        "@deepseek-ai/dsh-home-paths": "0.1.0-rc.8",
        "@deepseek-ai/dsh-invariants": "0.1.0-rc.8",
        "@deepseek-ai/dsh-launch-environment": "0.1.0-rc.8",
        "@deepseek-ai/dsh-llm": "^0.1.0-rc.8",
        "@deepseek-ai/dsh-settings": "0.1.0-rc.8",
        "@deepseek-ai/dsh-settings-file": "0.1.0-rc.8",
        "@deepseek-ai/dsh-system-prompt": "0.1.0-rc.8",
        "@deepseek-ai/dsh-timeout": "0.1.0-rc.8",
        "@deepseek-ai/dsh-tool-call-timeout-policy": "0.1.0-rc.8",
        "@deepseek-ai/dsh-tool-web": "0.1.0-rc.8",
        "@deepseek-ai/dsh-tools": "0.1.0-rc.8",
        "@deepseek-ai/dsh-web": "^0.1.0-rc.8",
        "@deepseek-ai/schemastery": "^3.18.1",
        "@types/node": "^24.0.0",
        "typescript": "^5.6.0"
      },
      "engines": {
        "node": ">=24"
      },
      "peerDependencies": {
        "@deepseek-ai/cordis": "^4.0.1",
        "@deepseek-ai/dsh-credentials": "^0.1.0-rc.8",
        "@deepseek-ai/dsh-launch-environment": "^0.1.0-rc.8",
        "@deepseek-ai/dsh-settings": "^0.1.0-rc.8",
        "@deepseek-ai/dsh-timeout": "^0.1.0-rc.8",
        "@deepseek-ai/dsh-web": "^0.1.0-rc.8"
      }
    },
    "node_modules/@deepseek-ai/cordis": {
      "version": "4.0.1",
      "resolved": "https://registry.npmjs.org/@deepseek-ai/cordis/-/cordis-4.0.1.tgz",
      "integrity": "sha512-YBdskTU2Po1kru3GgcUWUbkTsPMA9LkSQDAY8rBkFJeajdgcQad3QPJZE26JyK99Xb6HaASvoXg2DSUTeN/0Nw==",
      "dev": true,
      "license": "MIT",
      "dependencies": {
        "@deepseek-ai/cosmokit": "^1.8.2",
        "@standard-schema/spec": "^1.1.0"
      },
      "bin": {
        "cordis": "bin.js"
      },
      "peerDependencies": {
        "@deepseek-ai/cordis-plugin-include": "^1.0.6",
        "@deepseek-ai/cordis-plugin-loader": "^1.0.2"
      },
      "peerDependenciesMeta": {
        "@deepseek-ai/cordis-plugin-include": {
          "optional": true
        },
        "@deepseek-ai/cordis-plugin-loader": {
          "optional": true
        }
      }
    },
    "node_modules/@deepseek-ai/cosmokit": {
      "version": "1.8.2",
      "resolved": "https://registry.npmjs.org/@deepseek-ai/cosmokit/-/cosmokit-1.8.2.tgz",
      "integrity": "sha512-muBOKtSrUKU5m/xpq8ZXWL6hQ/jgd4PhU2PqH97bcxIiLEJfNwZOGQEx4t/aS/GgxRAR+ra9pMHPMtTHU4sqqA==",
      "dev": true,
      "license": "MIT"
    },
    "node_modules/@deepseek-ai/dsh-agent": {
      "version": "0.1.0-rc.8",
      "resolved": "https://registry.npmjs.org/@deepseek-ai/dsh-agent/-/dsh-agent-0.1.0-rc.8.tgz",
      "integrity": "sha512-fOl46ZvzoYHalrlyfOJAHNhzyKeVDTUnZZKNSJEr9GY/98WJTjcV21agVEofTXldkJ7a/ws2HpJkVNJVFMtslg==",
      "dev": true,
      "license": "MIT",
      "peer": true,
      "peerDependencies": {
        "@deepseek-ai/cordis": "^4.0.1",
        "@deepseek-ai/dsh-invariants": "^0.1.0-rc.8",
        "@deepseek-ai/dsh-llm": "^0.1.0-rc.8",
        "@deepseek-ai/dsh-scope": "^0.1.0-rc.8",
        "@deepseek-ai/dsh-session": "^0.1.0-rc.8",
        "@deepseek-ai/dsh-system-prompt": "^0.1.0-rc.8",
        "@deepseek-ai/dsh-typert-protocol": "^0.1.0-rc.8"
      }
    },
    "node_modules/@deepseek-ai/dsh-atomic-write": {
      "version": "0.1.0-rc.8",
      "resolved": "https://registry.npmjs.org/@deepseek-ai/dsh-atomic-write/-/dsh-atomic-write-0.1.0-rc.8.tgz",
      "integrity": "sha512-SWP+NAat3oteaPi47zLPz4vxeYCHNVmFpN1aeKDuPHpe/ouNTl+WcyIONAJ+1MbZ+8APWhSaJIVu6ORJEUhVGw==",
      "dev": true,
      "license": "MIT",
      "peerDependencies": {
        "@deepseek-ai/cordis": "^4.0.1",
        "@deepseek-ai/dsh-invariants": "^0.1.0-rc.8"
      }
    },
    "node_modules/@deepseek-ai/dsh-attachment": {
      "version": "0.1.0-rc.8",
      "resolved": "https://registry.npmjs.org/@deepseek-ai/dsh-attachment/-/dsh-attachment-0.1.0-rc.8.tgz",
      "integrity": "sha512-cCrg4WWiav7pGtbdU8dJTpAG28cPnkWVB2YPOrlBCgBbhQziGcG9Dv67Ti6L3PI4OQKC55gYBFinQghFO/7FGg==",
      "dev": true,
      "license": "MIT",
      "peer": true,
      "peerDependencies": {
        "@deepseek-ai/cordis": "^4.0.1",
        "@deepseek-ai/dsh-brand": "^0.1.0-rc.8",
        "@deepseek-ai/dsh-invariants": "^0.1.0-rc.8"
      }
    },
    "node_modules/@deepseek-ai/dsh-brand": {
      "version": "0.1.0-rc.8",
      "resolved": "https://registry.npmjs.org/@deepseek-ai/dsh-brand/-/dsh-brand-0.1.0-rc.8.tgz",
      "integrity": "sha512-402aUAfHxIZJrArBV4gDf0I/A/69A/By26FX6HTIOyFmCnB4wUBKh8jnglz1CorKWdZy8AKldAhh8HQhQEbGOQ==",
      "dev": true,
      "license": "MIT",
      "peerDependencies": {
        "@deepseek-ai/cordis": "^4.0.1",
        "@deepseek-ai/dsh-invariants": "^0.1.0-rc.8"
      }
    },
    "node_modules/@deepseek-ai/dsh-code-runtime": {
      "version": "0.1.0-rc.8",
      "resolved": "https://registry.npmjs.org/@deepseek-ai/dsh-code-runtime/-/dsh-code-runtime-0.1.0-rc.8.tgz",
      "integrity": "sha512-6ZKyEE7dHH1UkKe5b0lg18Byww/7ocZyrNMVjAoUWEWp5i96Brf9Eavu9q3zepBMDMZJErCfV0pyt7KDhBJSig==",
      "dev": true,
      "license": "MIT",
      "peer": true,
      "peerDependencies": {
        "@deepseek-ai/cordis": "^4.0.1",
        "@deepseek-ai/dsh-invariants": "^0.1.0-rc.8"
      }
    },
    "node_modules/@deepseek-ai/dsh-credentials": {
      "version": "0.1.0-rc.8",
      "resolved": "https://registry.npmjs.org/@deepseek-ai/dsh-credentials/-/dsh-credentials-0.1.0-rc.8.tgz",
      "integrity": "sha512-VopOhtUEa/fSmJr3fyKbsEG043kX1oGuBrmELAbkhmuDigl1cN88g0VPb9rMG2/dJ1h08wg+h0RJP+Ex4LjRWw==",
      "dev": true,
      "license": "MIT",
      "peerDependencies": {
        "@deepseek-ai/cordis": "^4.0.1",
        "@deepseek-ai/dsh-brand": "^0.1.0-rc.8",
        "@deepseek-ai/dsh-invariants": "^0.1.0-rc.8"
      }
    },
    "node_modules/@deepseek-ai/dsh-home-paths": {
      "version": "0.1.0-rc.8",
      "resolved": "https://registry.npmjs.org/@deepseek-ai/dsh-home-paths/-/dsh-home-paths-0.1.0-rc.8.tgz",
      "integrity": "sha512-9cQhH9CZsw7Zi73VnZk7CcuEVA6yR/Ox+7lp3VHq53fFYSPi0RL+kMWmh5XCrZB4U1OM3+PVsWsA5II9tB+t0Q==",
      "dev": true,
      "license": "MIT",
      "peerDependencies": {
        "@deepseek-ai/cordis": "^4.0.1",
        "@deepseek-ai/dsh-invariants": "^0.1.0-rc.8"
      }
    },
    "node_modules/@deepseek-ai/dsh-invariants": {
      "version": "0.1.0-rc.8",
      "resolved": "https://registry.npmjs.org/@deepseek-ai/dsh-invariants/-/dsh-invariants-0.1.0-rc.8.tgz",
      "integrity": "sha512-u0lYqyxOYwfsVnbsfGXZos5vFvA4cqFnBEW3/ezgljNwkYwzeUP/Y5wjPnQjP+ZzBn3CnVeIF6s2N2Vk3iA5mQ==",
      "dev": true,
      "license": "MIT",
      "dependencies": {
        "@deepseek-ai/schemastery": "^3.18.1"
      },
      "peerDependencies": {
        "@deepseek-ai/cordis": "^4.0.1"
      }
    },
    "node_modules/@deepseek-ai/dsh-launch-environment": {
      "version": "0.1.0-rc.8",
      "resolved": "https://registry.npmjs.org/@deepseek-ai/dsh-launch-environment/-/dsh-launch-environment-0.1.0-rc.8.tgz",
      "integrity": "sha512-VvYo5R7tu4QhX/dsNpuBy3AaauizU6yPCeWQUNzI3ZjGA0VHkkZhInilcgxVJkPA1lwEXYB+OoCAo07PUy6D/w==",
      "dev": true,
      "license": "MIT",
      "peerDependencies": {
        "@deepseek-ai/cordis": "^4.0.1",
        "@deepseek-ai/dsh-invariants": "^0.1.0-rc.8"
      }
    },
    "node_modules/@deepseek-ai/dsh-llm": {
      "version": "0.1.0-rc.8",
      "resolved": "https://registry.npmjs.org/@deepseek-ai/dsh-llm/-/dsh-llm-0.1.0-rc.8.tgz",
      "integrity": "sha512-hf6RmX2Stn1UtzpktSHQLkIktQkBm9i/3yFfJlbGSkwyw5Cv9sTYJbyoHzsSnnh6i8nRRcMcBhvMgm23I00oIw==",
      "dev": true,
      "license": "MIT",
      "dependencies": {
        "@deepseek-ai/schemastery": "^3.18.1"
      },
      "peerDependencies": {
        "@deepseek-ai/cordis": "^4.0.1",
        "@deepseek-ai/dsh-attachment": "^0.1.0-rc.8",
        "@deepseek-ai/dsh-brand": "^0.1.0-rc.8",
        "@deepseek-ai/dsh-invariants": "^0.1.0-rc.8",
        "@deepseek-ai/dsh-timeout": "^0.1.0-rc.8"
      }
    },
    "node_modules/@deepseek-ai/dsh-scope": {
      "version": "0.1.0-rc.8",
      "resolved": "https://registry.npmjs.org/@deepseek-ai/dsh-scope/-/dsh-scope-0.1.0-rc.8.tgz",
      "integrity": "sha512-/o+PxkVV2zUy9lYlMFr4TWSb+ESW4DE+fI891yIbsLzOJdFgfbmmLpGrlWgnz8/unIGJZxjeXdwyppV04Z277Q==",
      "dev": true,
      "license": "MIT",
      "peer": true,
      "peerDependencies": {
        "@deepseek-ai/cordis": "^4.0.1",
        "@deepseek-ai/dsh-invariants": "^0.1.0-rc.8"
      }
    },
    "node_modules/@deepseek-ai/dsh-session": {
      "version": "0.1.0-rc.8",
      "resolved": "https://registry.npmjs.org/@deepseek-ai/dsh-session/-/dsh-session-0.1.0-rc.8.tgz",
      "integrity": "sha512-Qs5Mgn32WPPVB4rKHjsZBgLOkh0TQurUAcc9GaDVudK4dUkpno2HDh++qu/PrwRA3CZ/iwPAoFHCpB3AMMaoLg==",
      "dev": true,
      "license": "MIT",
      "peer": true,
      "peerDependencies": {
        "@deepseek-ai/cordis": "^4.0.1",
        "@deepseek-ai/dsh-brand": "^0.1.0-rc.8",
        "@deepseek-ai/dsh-invariants": "^0.1.0-rc.8",
        "@deepseek-ai/dsh-llm": "^0.1.0-rc.8",
        "@deepseek-ai/dsh-scope": "^0.1.0-rc.8",
        "@deepseek-ai/dsh-typert-protocol": "^0.1.0-rc.8"
      }
    },
    "node_modules/@deepseek-ai/dsh-settings": {
      "version": "0.1.0-rc.8",
      "resolved": "https://registry.npmjs.org/@deepseek-ai/dsh-settings/-/dsh-settings-0.1.0-rc.8.tgz",
      "integrity": "sha512-pqbMoiSP+Ieww9/4gcHYXcBCDlno1zYDu2OPq+5xdZ+McnK+5YBtHsiRpnR9cHQxGTH7lkfIv+adkOueQW0utg==",
      "dev": true,
      "license": "MIT",
      "peerDependencies": {
        "@deepseek-ai/cordis": "^4.0.1",
        "@deepseek-ai/dsh-brand": "^0.1.0-rc.8",
        "@deepseek-ai/dsh-invariants": "^0.1.0-rc.8",
        "@deepseek-ai/schemastery": "^3.18.1"
      }
    },
    "node_modules/@deepseek-ai/dsh-settings-file": {
      "version": "0.1.0-rc.8",
      "resolved": "https://registry.npmjs.org/@deepseek-ai/dsh-settings-file/-/dsh-settings-file-0.1.0-rc.8.tgz",
      "integrity": "sha512-2mCyAPkxA5r7Ezgt41XtJxRBsj5Dkl21e5v7w+6YE3C8/n9zRRlN4X5oInHcUKEmgoTrNLCBCgOs5DNrl+pErw==",
      "dev": true,
      "license": "MIT",
      "dependencies": {
        "@deepseek-ai/schemastery": "^3.18.1",
        "chokidar": "^4.0.3",
        "yaml": "^2.9.0"
      },
      "peerDependencies": {
        "@deepseek-ai/cordis": "^4.0.1",
        "@deepseek-ai/dsh-atomic-write": "^0.1.0-rc.8",
        "@deepseek-ai/dsh-home-paths": "^0.1.0-rc.8",
        "@deepseek-ai/dsh-invariants": "^0.1.0-rc.8",
        "@deepseek-ai/dsh-settings": "^0.1.0-rc.8"
      }
    },
    "node_modules/@deepseek-ai/dsh-system-prompt": {
      "version": "0.1.0-rc.8",
      "resolved": "https://registry.npmjs.org/@deepseek-ai/dsh-system-prompt/-/dsh-system-prompt-0.1.0-rc.8.tgz",
      "integrity": "sha512-yk8Z85rzX2EwpKNWA5i+K3I3mqsIIUc9niwbDpXO8vlHvpC2qR3RNHjJIJN2EZYDqfSzTVtkbxHFsuMzDXIbew==",
      "dev": true,
      "license": "MIT",
      "dependencies": {
        "@deepseek-ai/schemastery": "^3.18.1"
      },
      "peerDependencies": {
        "@deepseek-ai/cordis": "^4.0.1",
        "@deepseek-ai/dsh-invariants": "^0.1.0-rc.8",
        "@deepseek-ai/dsh-llm": "^0.1.0-rc.8",
        "@deepseek-ai/dsh-scope": "^0.1.0-rc.8"
      }
    },
    "node_modules/@deepseek-ai/dsh-timeout": {
      "version": "0.1.0-rc.8",
      "resolved": "https://registry.npmjs.org/@deepseek-ai/dsh-timeout/-/dsh-timeout-0.1.0-rc.8.tgz",
      "integrity": "sha512-RwOC/qHribE6b+LStAO7aAgweefLE5sqDO7Uz6/mnTDyJxCt7HNQnE/Op8sAvRa33d752aUkPfO9S0mgzVAoFQ==",
      "dev": true,
      "license": "MIT",
      "peerDependencies": {
        "@deepseek-ai/cordis": "^4.0.1",
        "@deepseek-ai/dsh-invariants": "^0.1.0-rc.8"
      }
    },
    "node_modules/@deepseek-ai/dsh-tool-call-timeout-policy": {
      "version": "0.1.0-rc.8",
      "resolved": "https://registry.npmjs.org/@deepseek-ai/dsh-tool-call-timeout-policy/-/dsh-tool-call-timeout-policy-0.1.0-rc.8.tgz",
      "integrity": "sha512-Z6M/nkcz40DisaOIHqUOjjjW4wCi+JqQNoUhOu+VAoBDWHl7SDmEvdWSQUwkyOETjcfdRSG4RTJ5z/rBUVCPHQ==",
      "dev": true,
      "license": "MIT",
      "peerDependencies": {
        "@deepseek-ai/cordis": "^4.0.1",
        "@deepseek-ai/dsh-invariants": "^0.1.0-rc.8",
        "@deepseek-ai/dsh-llm": "^0.1.0-rc.8",
        "@deepseek-ai/dsh-timeout": "^0.1.0-rc.8",
        "@deepseek-ai/dsh-tools": "^0.1.0-rc.8"
      }
    },
    "node_modules/@deepseek-ai/dsh-tool-web": {
      "version": "0.1.0-rc.8",
      "resolved": "https://registry.npmjs.org/@deepseek-ai/dsh-tool-web/-/dsh-tool-web-0.1.0-rc.8.tgz",
      "integrity": "sha512-MrTkQ2L52A13ysTM94bSW+5sXq3AyVNoo5q3bK47bsl+hg9Kga5gDgGAZ+SGVSQZAUEHXfuYGHaErdUp50bncw==",
      "dev": true,
      "license": "MIT",
      "dependencies": {
        "@deepseek-ai/schemastery": "^3.18.1",
        "@joplin/turndown-plugin-gfm": "^1.0.67",
        "turndown": "^7.2.4"
      },
      "peerDependencies": {
        "@deepseek-ai/cordis": "^4.0.1",
        "@deepseek-ai/dsh-invariants": "^0.1.0-rc.8",
        "@deepseek-ai/dsh-llm": "^0.1.0-rc.8",
        "@deepseek-ai/dsh-system-prompt": "^0.1.0-rc.8",
        "@deepseek-ai/dsh-tools": "^0.1.0-rc.8",
        "@deepseek-ai/dsh-web": "^0.1.0-rc.8"
      }
    },
    "node_modules/@deepseek-ai/dsh-tools": {
      "version": "0.1.0-rc.8",
      "resolved": "https://registry.npmjs.org/@deepseek-ai/dsh-tools/-/dsh-tools-0.1.0-rc.8.tgz",
      "integrity": "sha512-tvuGAVUS4yoPW9zH7CGWJgMlAzGjfu2UlRiricldlcwSKAaJZPZx/K/YfTivUyDTER6aK1DJUnIpVG7RD/DoHQ==",
      "dev": true,
      "license": "MIT",
      "dependencies": {
        "@deepseek-ai/schemastery": "^3.18.1"
      },
      "peerDependencies": {
        "@deepseek-ai/cordis": "^4.0.1",
        "@deepseek-ai/dsh-agent": "^0.1.0-rc.8",
        "@deepseek-ai/dsh-code-runtime": "^0.1.0-rc.8",
        "@deepseek-ai/dsh-invariants": "^0.1.0-rc.8",
        "@deepseek-ai/dsh-llm": "^0.1.0-rc.8",
        "@deepseek-ai/dsh-scope": "^0.1.0-rc.8",
        "@deepseek-ai/dsh-session": "^0.1.0-rc.8",
        "@deepseek-ai/dsh-system-prompt": "^0.1.0-rc.8",
        "@deepseek-ai/dsh-user-approval": "^0.1.0-rc.8"
      }
    },
    "node_modules/@deepseek-ai/dsh-typert-protocol": {
      "version": "0.1.0-rc.8",
      "resolved": "https://registry.npmjs.org/@deepseek-ai/dsh-typert-protocol/-/dsh-typert-protocol-0.1.0-rc.8.tgz",
      "integrity": "sha512-scwEAefRBL7gRpaXiEdiHRMvlr8dLmUbiEvy0LOAX/8X3FZBd/5tHQ/8lCppAQNTDZMI/LSiSMpu5XrFId+7cQ==",
      "dev": true,
      "license": "MIT",
      "peer": true,
      "peerDependencies": {
        "@deepseek-ai/cordis": "^4.0.1",
        "@deepseek-ai/dsh-invariants": "^0.1.0-rc.8"
      }
    },
    "node_modules/@deepseek-ai/dsh-user-approval": {
      "version": "0.1.0-rc.8",
      "resolved": "https://registry.npmjs.org/@deepseek-ai/dsh-user-approval/-/dsh-user-approval-0.1.0-rc.8.tgz",
      "integrity": "sha512-6SFCxp7dgNFEyzQIcs5i9C+5djgXsAeV0iKmZUCLlcIeVM1chcCMHyGcoXlw8yyB14qFMrMs+TPvhvpu2WWxAw==",
      "dev": true,
      "license": "MIT",
      "peer": true,
      "dependencies": {
        "@deepseek-ai/schemastery": "^3.18.1"
      },
      "peerDependencies": {
        "@deepseek-ai/cordis": "^4.0.1",
        "@deepseek-ai/dsh-agent": "^0.1.0-rc.8",
        "@deepseek-ai/dsh-brand": "^0.1.0-rc.8",
        "@deepseek-ai/dsh-invariants": "^0.1.0-rc.8",
        "@deepseek-ai/dsh-llm": "^0.1.0-rc.8",
        "@deepseek-ai/dsh-scope": "^0.1.0-rc.8",
        "@deepseek-ai/dsh-session": "^0.1.0-rc.8",
        "@deepseek-ai/dsh-system-prompt": "^0.1.0-rc.8"
      }
    },
    "node_modules/@deepseek-ai/dsh-web": {
      "version": "0.1.0-rc.8",
      "resolved": "https://registry.npmjs.org/@deepseek-ai/dsh-web/-/dsh-web-0.1.0-rc.8.tgz",
      "integrity": "sha512-YLraDwZTx0Y3Jqw2cu4eClv9ZgEJYoeSFzTe7c9JZ4Z3ThaNCCwEaXWEPMBiPKU6QlR8ahkPPj6xoU9+nPO66g==",
      "dev": true,
      "license": "MIT",
      "dependencies": {
        "@deepseek-ai/schemastery": "^3.18.1"
      },
      "peerDependencies": {
        "@deepseek-ai/cordis": "^4.0.1",
        "@deepseek-ai/dsh-invariants": "^0.1.0-rc.8",
        "@deepseek-ai/dsh-llm": "^0.1.0-rc.8"
      }
    },
    "node_modules/@deepseek-ai/schemastery": {
      "version": "3.18.1",
      "resolved": "https://registry.npmjs.org/@deepseek-ai/schemastery/-/schemastery-3.18.1.tgz",
      "integrity": "sha512-Qn0FCSwCQnpnj6SB31I6i2sIKgKWnkbJM8O0EU91Gv2UsYVvtZTl6IA0sCwk2e2MZf5S8w5hpq9QkeVvK9qwxg==",
      "dev": true,
      "license": "MIT",
      "dependencies": {
        "@deepseek-ai/cosmokit": "^1.8.2",
        "@standard-schema/spec": "^1.1.0"
      }
    },
    "node_modules/@joplin/turndown-plugin-gfm": {
      "version": "1.0.67",
      "resolved": "https://registry.npmjs.org/@joplin/turndown-plugin-gfm/-/turndown-plugin-gfm-1.0.67.tgz",
      "integrity": "sha512-FZfW5EZfidhzd1IaY1uxHnIZPTVOxAdleMZ4/1U6Nt5b7+Qj5JThDnaIomuJtetnUBzuRNbe9FWMuqD4B3dlWA==",
      "dev": true,
      "license": "MIT"
    },
    "node_modules/@mixmark-io/domino": {
      "version": "2.2.0",
      "resolved": "https://registry.npmjs.org/@mixmark-io/domino/-/domino-2.2.0.tgz",
      "integrity": "sha512-Y28PR25bHXUg88kCV7nivXrP2Nj2RueZ3/l/jdx6J9f8J4nsEGcgX0Qe6lt7Pa+J79+kPiJU3LguR6O/6zrLOw==",
      "dev": true,
      "license": "BSD-2-Clause"
    },
    "node_modules/@standard-schema/spec": {
      "version": "1.1.0",
      "resolved": "https://registry.npmjs.org/@standard-schema/spec/-/spec-1.1.0.tgz",
      "integrity": "sha512-l2aFy5jALhniG5HgqrD6jXLi/rUWrKvqN/qJx6yoJsgKhblVd+iqqU4RCXavm/jPityDo5TCvKMnpjKnOriy0w==",
      "dev": true,
      "license": "MIT"
    },
    "node_modules/@types/node": {
      "version": "24.13.3",
      "resolved": "https://registry.npmjs.org/@types/node/-/node-24.13.3.tgz",
      "integrity": "sha512-Dh8vAsV36ig5wa9OX4pXvMc9D3Veibfw2wix0CUwYODLD8nkj9UsLjASr49nPg+2eKzxhBV+v7L8pXvT4e639Q==",
      "dev": true,
      "license": "MIT",
      "dependencies": {
        "undici-types": "~7.18.0"
      }
    },
    "node_modules/chokidar": {
      "version": "4.0.3",
      "resolved": "https://registry.npmjs.org/chokidar/-/chokidar-4.0.3.tgz",
      "integrity": "sha512-Qgzu8kfBvo+cA4962jnP1KkS6Dop5NS6g7R5LFYJr4b8Ub94PPQXUksCw9PvXoeXPRRddRNC5C1JQUR2SMGtnA==",
      "dev": true,
      "license": "MIT",
      "dependencies": {
        "readdirp": "^4.0.1"
      },
      "engines": {
        "node": ">= 14.16.0"
      },
      "funding": {
        "url": "https://paulmillr.com/funding/"
      }
    },
    "node_modules/readdirp": {
      "version": "4.1.2",
      "resolved": "https://registry.npmjs.org/readdirp/-/readdirp-4.1.2.tgz",
      "integrity": "sha512-GDhwkLfywWL2s6vEjyhri+eXmfH6j1L7JE27WhqLeYzoh/A3DBaYGEj2H/HFZCn/kMfim73FXxEJTw06WtxQwg==",
      "dev": true,
      "license": "MIT",
      "engines": {
        "node": ">= 14.18.0"
      },
      "funding": {
        "type": "individual",
        "url": "https://paulmillr.com/funding/"
      }
    },
    "node_modules/turndown": {
      "version": "7.2.4",
      "resolved": "https://registry.npmjs.org/turndown/-/turndown-7.2.4.tgz",
      "integrity": "sha512-I8yFsfRzmzK0WV1pNNOA4A7y4RDfFxPRxb3t+e3ui14qSGOxGtiSP6GjeX+Y6CHb7HYaFj7ECUD7VE5kQMZWGQ==",
      "dev": true,
      "license": "MIT",
      "dependencies": {
        "@mixmark-io/domino": "^2.2.0"
      },
      "engines": {
        "node": ">=18",
        "npm": ">=9"
      }
    },
    "node_modules/typescript": {
      "version": "5.9.3",
      "resolved": "https://registry.npmjs.org/typescript/-/typescript-5.9.3.tgz",
      "integrity": "sha512-jl1vZzPDinLr9eUt3J/t7V6FgNEw9QjvBPdysz9KfQDD41fQrC2Y4vKQdiaUpFT4bXlb1RHhLpp8wtm6M5TgSw==",
      "dev": true,
      "license": "Apache-2.0",
      "bin": {
        "tsc": "bin/tsc",
        "tsserver": "bin/tsserver"
      },
      "engines": {
        "node": ">=14.17"
      }
    },
    "node_modules/undici-types": {
      "version": "7.18.2",
      "resolved": "https://registry.npmjs.org/undici-types/-/undici-types-7.18.2.tgz",
      "integrity": "sha512-AsuCzffGHJybSaRrmr5eHr81mwJU3kjw6M+uprWvCXiNeN9SOGwQ3Jn8jb8m3Z6izVgknn1R0FTCEAP2QrLY/w==",
      "dev": true,
      "license": "MIT"
    },
    "node_modules/yaml": {
      "version": "2.9.0",
      "resolved": "https://registry.npmjs.org/yaml/-/yaml-2.9.0.tgz",
      "integrity": "sha512-2AvhNX3mb8zd6Zy7INTtSpl1F15HW6Wnqj0srWlkKLcpYl/gMIMJiyuGq2KeI2YFxUPjdlB+3Lc10seMLtL4cA==",
      "dev": true,
      "license": "ISC",
      "bin": {
        "yaml": "bin.mjs"
      },
      "engines": {
        "node": ">= 14.6"
      },
      "funding": {
        "url": "https://github.com/sponsors/eemeli"
      }
    }
  }
}
